
Microsoft Visual Studio Solution File, Format Version 12.00
# Visual Studio Version 17
VisualStudioVersion = 17.7.34031.279
MinimumVisualStudioVersion = 10.0.40219.1
Project("{FAE04EC0-301F-11D3-BF4B-00C04F79EFBC}") = "SchoolApplication", "SchoolApplication\SchoolApplication.csproj", "{9A711AD5-BA62-4241-87A4-395745008FCF}"
EndProject
Global
	GlobalSection(SolutionConfigurationPlatforms) = preSolution
		Debug|Any CPU = Debug|Any CPU
		Release|Any CPU = Release|Any CPU
	EndGlobalSection
	GlobalSection(ProjectConfigurationPlatforms) = postSolution
		{9A711AD5-BA62-4241-87A4-395745008FCF}.Debug|Any CPU.ActiveCfg = Debug|Any CPU
		{9A711AD5-BA62-4241-87A4-395745008FCF}.Debug|Any CPU.Build.0 = Debug|Any CPU
		{9A711AD5-BA62-4241-87A4-395745008FCF}.Release|Any CPU.ActiveCfg = Release|Any CPU
		{9A711AD5-BA62-4241-87A4-395745008FCF}.Release|Any CPU.Build.0 = Release|Any CPU
	EndGlobalSection
	GlobalSection(SolutionProperties) = preSolution
		HideSolutionNode = FALSE
	EndGlobalSection
	GlobalSection(ExtensibilityGlobals) = postSolution
		SolutionGuid = {D8477430-3C17-4A25-BE0C-B23927F2E923}
	EndGlobalSection
EndGlobal
